Microsoft Visual Studio Solution File, Format Version 12.00
# Visual Studio Version 17
VisualStudioVersion = 17.5.2.0
MinimumVisualStudioVersion = 10.0.40219.1
Project("{FAE04EC0-301F-11D3-BF4B-00C04F79EFBC}") = "DoclingServe", "DoclingServe.csproj", "{8FA6FC9E-3DAC-45CC-E2EF-80F2C2A257A1}"
EndProject
Global
	GlobalSection(SolutionConfigurationPlatforms) = preSolution
		Debug|Any CPU = Debug|Any CPU
		Release|Any CPU = Release|Any CPU
	EndGlobalSection
	GlobalSection(ProjectConfigurationPlatforms) = postSolution
		{8FA6FC9E-3DAC-45CC-E2EF-80F2C2A257A1}.Debug|Any CPU.ActiveCfg = Debug|Any CPU
		{8FA6FC9E-3DAC-45CC-E2EF-80F2C2A257A1}.Debug|Any CPU.Build.0 = Debug|Any CPU
		{8FA6FC9E-3DAC-45CC-E2EF-80F2C2A257A1}.Release|Any CPU.ActiveCfg = Release|Any CPU
		{8FA6FC9E-3DAC-45CC-E2EF-80F2C2A257A1}.Release|Any CPU.Build.0 = Release|Any CPU
	EndGlobalSection
	GlobalSection(SolutionProperties) = preSolution
		HideSolutionNode = FALSE
	EndGlobalSection
	GlobalSection(ExtensibilityGlobals) = postSolution
		SolutionGuid = {FE5F5A2A-B3B1-402E-A803-A7B1E743185E}
	EndGlobalSection
EndGlobal
