Microsoft Visual Studio Solution File, Format Version 12.00
# Visual Studio Version 17
VisualStudioVersion = 17.5.2.0
MinimumVisualStudioVersion = 10.0.40219.1
Project("{FAE04EC0-301F-11D3-BF4B-00C04F79EFBC}") = "OllamaChat", "OllamaChat.csproj", "{4847068B-369E-349F-6A7C-CD886F2E6B68}"
EndProject
Global
	GlobalSection(SolutionConfigurationPlatforms) = preSolution
		Debug|Any CPU = Debug|Any CPU
		Release|Any CPU = Release|Any CPU
	EndGlobalSection
	GlobalSection(ProjectConfigurationPlatforms) = postSolution
		{4847068B-369E-349F-6A7C-CD886F2E6B68}.Debug|Any CPU.ActiveCfg = Debug|Any CPU
		{4847068B-369E-349F-6A7C-CD886F2E6B68}.Debug|Any CPU.Build.0 = Debug|Any CPU
		{4847068B-369E-349F-6A7C-CD886F2E6B68}.Release|Any CPU.ActiveCfg = Release|Any CPU
		{4847068B-369E-349F-6A7C-CD886F2E6B68}.Release|Any CPU.Build.0 = Release|Any CPU
	EndGlobalSection
	GlobalSection(SolutionProperties) = preSolution
		HideSolutionNode = FALSE
	EndGlobalSection
	GlobalSection(ExtensibilityGlobals) = postSolution
		SolutionGuid = {64F524CE-ECFD-4411-B857-4FB3D2021675}
	EndGlobalSection
EndGlobal
